
Microsoft Visual Studio Solution File, Format Version 12.00
# Visual Studio Version 16
VisualStudioVersion = 16.0.30907.101
MinimumVisualStudioVersion = 10.0.40219.1
Project("{FAE04EC0-301F-11D3-BF4B-00C04F79EFBC}") = "ImplicitManyToManyIdentityCore", "ImplicitManyToManyIdentityCore.csproj", "{8D674A31-A73D-4534-BE6A-BAAA3B6B0190}"
EndProject
Global
	GlobalSection(SolutionConfigurationPlatforms) = preSolution
		Debug|Any CPU = Debug|Any CPU
		Release|Any CPU = Release|Any CPU
	EndGlobalSection
	GlobalSection(ProjectConfigurationPlatforms) = postSolution
		{8D674A31-A73D-4534-BE6A-BAAA3B6B0190}.Debug|Any CPU.ActiveCfg = Debug|Any CPU
		{8D674A31-A73D-4534-BE6A-BAAA3B6B0190}.Debug|Any CPU.Build.0 = Debug|Any CPU
		{8D674A31-A73D-4534-BE6A-BAAA3B6B0190}.Release|Any CPU.ActiveCfg = Release|Any CPU
		{8D674A31-A73D-4534-BE6A-BAAA3B6B0190}.Release|Any CPU.Build.0 = Release|Any CPU
	EndGlobalSection
	GlobalSection(SolutionProperties) = preSolution
		HideSolutionNode = FALSE
	EndGlobalSection
	GlobalSection(ExtensibilityGlobals) = postSolution
		SolutionGuid = {CC75811F-7791-4CA7-917F-F369E0D8C1FF}
	EndGlobalSection
EndGlobal
